
Microsoft Visual Studio Solution File, Format Version 12.00
# Visual Studio Version 16
VisualStudioVersion = 16.0.30709.132
MinimumVisualStudioVersion = 10.0.40219.1
Project("{2150E333-8FDC-42A3-9474-1A3956D46DE8}") = "IdentityServer", "IdentityServer", "{4D14FC8C-4A08-4AB6-8AF0-D953A053781C}"
EndProject
Project("{9A19103F-16F7-4668-BE54-9A1E7A4F7556}") = "FLS.IdentityServer", "FLS.IdentityServer\FLS.IdentityServer.csproj", "{1EC9D1DE-7919-4E68-B3E3-BD047784E797}"
EndProject
Project("{E53339B2-1760-4266-BCC7-CA923CBCF16C}") = "docker-compose", "docker-compose.dcproj", "{D24702BC-67D5-4863-8ED9-7768CE8D1E1F}"
EndProject
Global
	GlobalSection(SolutionConfigurationPlatforms) = preSolution
		Debug|Any CPU = Debug|Any CPU
		Release|Any CPU = Release|Any CPU
	EndGlobalSection
	GlobalSection(ProjectConfigurationPlatforms) = postSolution
		{1EC9D1DE-7919-4E68-B3E3-BD047784E797}.Debug|Any CPU.ActiveCfg = Debug|Any CPU
		{1EC9D1DE-7919-4E68-B3E3-BD047784E797}.Debug|Any CPU.Build.0 = Debug|Any CPU
		{1EC9D1DE-7919-4E68-B3E3-BD047784E797}.Release|Any CPU.ActiveCfg = Release|Any CPU
		{1EC9D1DE-7919-4E68-B3E3-BD047784E797}.Release|Any CPU.Build.0 = Release|Any CPU
		{D24702BC-67D5-4863-8ED9-7768CE8D1E1F}.Debug|Any CPU.ActiveCfg = Debug|Any CPU
		{D24702BC-67D5-4863-8ED9-7768CE8D1E1F}.Debug|Any CPU.Build.0 = Debug|Any CPU
		{D24702BC-67D5-4863-8ED9-7768CE8D1E1F}.Release|Any CPU.ActiveCfg = Release|Any CPU
		{D24702BC-67D5-4863-8ED9-7768CE8D1E1F}.Release|Any CPU.Build.0 = Release|Any CPU
	EndGlobalSection
	GlobalSection(SolutionProperties) = preSolution
		HideSolutionNode = FALSE
	EndGlobalSection
	GlobalSection(NestedProjects) = preSolution
		{1EC9D1DE-7919-4E68-B3E3-BD047784E797} = {4D14FC8C-4A08-4AB6-8AF0-D953A053781C}
	EndGlobalSection
	GlobalSection(ExtensibilityGlobals) = postSolution
		SolutionGuid = {E7BBDBB7-A833-4B44-B4EA-3397A1987B59}
	EndGlobalSection
EndGlobal
