
Microsoft Visual Studio Solution File, Format Version 12.00
# Visual Studio Version 16
VisualStudioVersion = 16.0.30709.132
MinimumVisualStudioVersion = 10.0.40219.1
Project("{2150E333-8FDC-42A3-9474-1A3956D46DE8}") = "IdentityServer", "IdentityServer", "{7602E763-1C21-43D7-AAB3-EAE32383DFFB}"
EndProject
Project("{FAE04EC0-301F-11D3-BF4B-00C04F79EFBC}") = "FLS.IdentityServer.Service", "FLS.IdentityServer.Service\FLS.IdentityServer.Service.csproj", "{BEBA2DC5-61E0-492F-9650-786718517094}"
EndProject
Project("{FAE04EC0-301F-11D3-BF4B-00C04F79EFBC}") = "FLS.IdentityServer.Data", "FLS.IdentityServer.Data\FLS.IdentityServer.Data.csproj", "{9B1870B2-9C96-47B1-91C7-8910715A85D9}"
EndProject
Project("{FAE04EC0-301F-11D3-BF4B-00C04F79EFBC}") = "FLS.IdentityServer.Data.WebApi", "FLS.IdentityServer.Data.WebApi\FLS.IdentityServer.Data.WebApi.csproj", "{51087235-DBDB-49C3-B6CE-1DE571743436}"
EndProject
Project("{FAE04EC0-301F-11D3-BF4B-00C04F79EFBC}") = "FLS.IdentityServer.DAL", "FLS.IdentityServer.DAL\FLS.IdentityServer.DAL.csproj", "{C18DD634-0722-4404-8487-5E637EE2B839}"
EndProject
Project("{FAE04EC0-301F-11D3-BF4B-00C04F79EFBC}") = "FLS.IdentityServer.Web", "FLS.IdentityServer.Web\FLS.IdentityServer.Web.csproj", "{4ECF880F-6488-4526-A6C8-E7E3E0F2869E}"
EndProject
Project("{FAE04EC0-301F-11D3-BF4B-00C04F79EFBC}") = "FLS.IdentityServer", "FLS.IdentityServer\FLS.IdentityServer.csproj", "{809F6628-D731-4049-AA9A-DA483978D387}"
EndProject
Global
	GlobalSection(SolutionConfigurationPlatforms) = preSolution
		Debug|Any CPU = Debug|Any CPU
		Release|Any CPU = Release|Any CPU
	EndGlobalSection
	GlobalSection(ProjectConfigurationPlatforms) = postSolution
		{BEBA2DC5-61E0-492F-9650-786718517094}.Debug|Any CPU.ActiveCfg = Debug|Any CPU
		{BEBA2DC5-61E0-492F-9650-786718517094}.Debug|Any CPU.Build.0 = Debug|Any CPU
		{BEBA2DC5-61E0-492F-9650-786718517094}.Release|Any CPU.ActiveCfg = Release|Any CPU
		{BEBA2DC5-61E0-492F-9650-786718517094}.Release|Any CPU.Build.0 = Release|Any CPU
		{9B1870B2-9C96-47B1-91C7-8910715A85D9}.Debug|Any CPU.ActiveCfg = Debug|Any CPU
		{9B1870B2-9C96-47B1-91C7-8910715A85D9}.Debug|Any CPU.Build.0 = Debug|Any CPU
		{9B1870B2-9C96-47B1-91C7-8910715A85D9}.Release|Any CPU.ActiveCfg = Release|Any CPU
		{9B1870B2-9C96-47B1-91C7-8910715A85D9}.Release|Any CPU.Build.0 = Release|Any CPU
		{51087235-DBDB-49C3-B6CE-1DE571743436}.Debug|Any CPU.ActiveCfg = Debug|Any CPU
		{51087235-DBDB-49C3-B6CE-1DE571743436}.Debug|Any CPU.Build.0 = Debug|Any CPU
		{51087235-DBDB-49C3-B6CE-1DE571743436}.Release|Any CPU.ActiveCfg = Release|Any CPU
		{51087235-DBDB-49C3-B6CE-1DE571743436}.Release|Any CPU.Build.0 = Release|Any CPU
		{C18DD634-0722-4404-8487-5E637EE2B839}.Debug|Any CPU.ActiveCfg = Debug|Any CPU
		{C18DD634-0722-4404-8487-5E637EE2B839}.Debug|Any CPU.Build.0 = Debug|Any CPU
		{C18DD634-0722-4404-8487-5E637EE2B839}.Release|Any CPU.ActiveCfg = Release|Any CPU
		{C18DD634-0722-4404-8487-5E637EE2B839}.Release|Any CPU.Build.0 = Release|Any CPU
		{4ECF880F-6488-4526-A6C8-E7E3E0F2869E}.Debug|Any CPU.ActiveCfg = Debug|Any CPU
		{4ECF880F-6488-4526-A6C8-E7E3E0F2869E}.Debug|Any CPU.Build.0 = Debug|Any CPU
		{4ECF880F-6488-4526-A6C8-E7E3E0F2869E}.Release|Any CPU.ActiveCfg = Release|Any CPU
		{4ECF880F-6488-4526-A6C8-E7E3E0F2869E}.Release|Any CPU.Build.0 = Release|Any CPU
		{809F6628-D731-4049-AA9A-DA483978D387}.Debug|Any CPU.ActiveCfg = Debug|Any CPU
		{809F6628-D731-4049-AA9A-DA483978D387}.Debug|Any CPU.Build.0 = Debug|Any CPU
		{809F6628-D731-4049-AA9A-DA483978D387}.Release|Any CPU.ActiveCfg = Release|Any CPU
		{809F6628-D731-4049-AA9A-DA483978D387}.Release|Any CPU.Build.0 = Release|Any CPU
	EndGlobalSection
	GlobalSection(SolutionProperties) = preSolution
		HideSolutionNode = FALSE
	EndGlobalSection
	GlobalSection(NestedProjects) = preSolution
		{BEBA2DC5-61E0-492F-9650-786718517094} = {7602E763-1C21-43D7-AAB3-EAE32383DFFB}
		{9B1870B2-9C96-47B1-91C7-8910715A85D9} = {7602E763-1C21-43D7-AAB3-EAE32383DFFB}
		{51087235-DBDB-49C3-B6CE-1DE571743436} = {7602E763-1C21-43D7-AAB3-EAE32383DFFB}
		{C18DD634-0722-4404-8487-5E637EE2B839} = {7602E763-1C21-43D7-AAB3-EAE32383DFFB}
		{4ECF880F-6488-4526-A6C8-E7E3E0F2869E} = {7602E763-1C21-43D7-AAB3-EAE32383DFFB}
		{809F6628-D731-4049-AA9A-DA483978D387} = {7602E763-1C21-43D7-AAB3-EAE32383DFFB}
	EndGlobalSection
	GlobalSection(ExtensibilityGlobals) = postSolution
		SolutionGuid = {3DC601A0-FA99-42A0-B341-DCB4A193E47C}
	EndGlobalSection
EndGlobal
