
Microsoft Visual Studio Solution File, Format Version 12.00
# Visual Studio Version 16
VisualStudioVersion = 16.0.31025.194
MinimumVisualStudioVersion = 10.0.40219.1
Project("{2150E333-8FDC-42A3-9474-1A3956D46DE8}") = "IdentityServer", "IdentityServer", "{48FBA4EC-749B-43AA-81FA-C8BB3089578D}"
EndProject
Project("{9A19103F-16F7-4668-BE54-9A1E7A4F7556}") = "FLS.IdentityServer", "IdentityServer\FLS.IdentityServer\FLS.IdentityServer.csproj", "{671400BB-627C-4986-87C6-1A6B162AFA75}"
EndProject
Project("{E53339B2-1760-4266-BCC7-CA923CBCF16C}") = "docker-compose", "docker-compose.dcproj", "{570DB0C1-977D-4C75-80F5-76D6CDB1684C}"
EndProject
Project("{2150E333-8FDC-42A3-9474-1A3956D46DE8}") = "Client", "Client", "{600BE26F-C381-4213-B7B0-004A052648A1}"
EndProject
Project("{2150E333-8FDC-42A3-9474-1A3956D46DE8}") = "WebApi", "WebApi", "{10F2ECD6-414D-4C3F-92C2-A131B395AD73}"
EndProject
Project("{9A19103F-16F7-4668-BE54-9A1E7A4F7556}") = "FLS.Server.WebApi", "WebApi\FLS.Server.WebApi\FLS.Server.WebApi.csproj", "{1FEF6429-C1A9-4D52-BEC2-1F50596A8572}"
EndProject
Project("{2150E333-8FDC-42A3-9474-1A3956D46DE8}") = "Data", "Data", "{F5B35D09-68C8-4910-98B7-CF1AA954CEEF}"
EndProject
Project("{9A19103F-16F7-4668-BE54-9A1E7A4F7556}") = "FLS.Data.WebApi", "Data\FLS.Data.WebApi\FLS.Data.WebApi.csproj", "{AA5C4CBF-B081-4278-9694-D71DD9609A54}"
EndProject
Global
	GlobalSection(SolutionConfigurationPlatforms) = preSolution
		Debug|Any CPU = Debug|Any CPU
		Release|Any CPU = Release|Any CPU
	EndGlobalSection
	GlobalSection(ProjectConfigurationPlatforms) = postSolution
		{671400BB-627C-4986-87C6-1A6B162AFA75}.Debug|Any CPU.ActiveCfg = Debug|Any CPU
		{671400BB-627C-4986-87C6-1A6B162AFA75}.Debug|Any CPU.Build.0 = Debug|Any CPU
		{671400BB-627C-4986-87C6-1A6B162AFA75}.Release|Any CPU.ActiveCfg = Release|Any CPU
		{671400BB-627C-4986-87C6-1A6B162AFA75}.Release|Any CPU.Build.0 = Release|Any CPU
		{570DB0C1-977D-4C75-80F5-76D6CDB1684C}.Debug|Any CPU.ActiveCfg = Debug|Any CPU
		{570DB0C1-977D-4C75-80F5-76D6CDB1684C}.Debug|Any CPU.Build.0 = Debug|Any CPU
		{570DB0C1-977D-4C75-80F5-76D6CDB1684C}.Release|Any CPU.ActiveCfg = Release|Any CPU
		{570DB0C1-977D-4C75-80F5-76D6CDB1684C}.Release|Any CPU.Build.0 = Release|Any CPU
		{1FEF6429-C1A9-4D52-BEC2-1F50596A8572}.Debug|Any CPU.ActiveCfg = Debug|Any CPU
		{1FEF6429-C1A9-4D52-BEC2-1F50596A8572}.Debug|Any CPU.Build.0 = Debug|Any CPU
		{1FEF6429-C1A9-4D52-BEC2-1F50596A8572}.Release|Any CPU.ActiveCfg = Release|Any CPU
		{1FEF6429-C1A9-4D52-BEC2-1F50596A8572}.Release|Any CPU.Build.0 = Release|Any CPU
		{AA5C4CBF-B081-4278-9694-D71DD9609A54}.Debug|Any CPU.ActiveCfg = Debug|Any CPU
		{AA5C4CBF-B081-4278-9694-D71DD9609A54}.Debug|Any CPU.Build.0 = Debug|Any CPU
		{AA5C4CBF-B081-4278-9694-D71DD9609A54}.Release|Any CPU.ActiveCfg = Release|Any CPU
		{AA5C4CBF-B081-4278-9694-D71DD9609A54}.Release|Any CPU.Build.0 = Release|Any CPU
	EndGlobalSection
	GlobalSection(SolutionProperties) = preSolution
		HideSolutionNode = FALSE
	EndGlobalSection
	GlobalSection(NestedProjects) = preSolution
		{671400BB-627C-4986-87C6-1A6B162AFA75} = {48FBA4EC-749B-43AA-81FA-C8BB3089578D}
		{1FEF6429-C1A9-4D52-BEC2-1F50596A8572} = {10F2ECD6-414D-4C3F-92C2-A131B395AD73}
		{AA5C4CBF-B081-4278-9694-D71DD9609A54} = {F5B35D09-68C8-4910-98B7-CF1AA954CEEF}
	EndGlobalSection
	GlobalSection(ExtensibilityGlobals) = postSolution
		SolutionGuid = {4C5ABB35-85FF-4032-BBB6-B1CDC4E65D33}
	EndGlobalSection
EndGlobal
